
Microsoft Visual Studio Solution File, Format Version 12.00
# Visual Studio Version 17
VisualStudioVersion = 17.8.34322.80
MinimumVisualStudioVersion = 10.0.40219.1
Project("{FAE04EC0-301F-11D3-BF4B-00C04F79EFBC}") = "IDM-ReInstaller", "IDM-ReInstaller\IDM-ReInstaller.csproj", "{A366AAFB-6178-4851-887B-0F5CDF8AD54B}"
EndProject
Global
	GlobalSection(SolutionConfigurationPlatforms) = preSolution
		Debug|Any CPU = Debug|Any CPU
		Release|Any CPU = Release|Any CPU
	EndGlobalSection
	GlobalSection(ProjectConfigurationPlatforms) = postSolution
		{A366AAFB-6178-4851-887B-0F5CDF8AD54B}.Debug|Any CPU.ActiveCfg = Debug|Any CPU
		{A366AAFB-6178-4851-887B-0F5CDF8AD54B}.Debug|Any CPU.Build.0 = Debug|Any CPU
		{A366AAFB-6178-4851-887B-0F5CDF8AD54B}.Release|Any CPU.ActiveCfg = Release|Any CPU
		{A366AAFB-6178-4851-887B-0F5CDF8AD54B}.Release|Any CPU.Build.0 = Release|Any CPU
	EndGlobalSection
	GlobalSection(SolutionProperties) = preSolution
		HideSolutionNode = FALSE
	EndGlobalSection
	GlobalSection(ExtensibilityGlobals) = postSolution
		SolutionGuid = {D0E6D447-4697-46DF-A1AC-19A25B44632A}
	EndGlobalSection
EndGlobal
